
Microsoft Visual Studio Solution File, Format Version 12.00
# Visual Studio Version 17
VisualStudioVersion = 17.14.36717.8
MinimumVisualStudioVersion = 10.0.40219.1
Project("{FAE04EC0-301F-11D3-BF4B-00C04F79EFBC}") = "FlyMap", "FlyMap\FlyMap.csproj", "{A1F9437F-91D1-4CDA-84A0-CADB77CD6520}"
EndProject
Project("{FAE04EC0-301F-11D3-BF4B-00C04F79EFBC}") = "FlyMap.Tests", "FlyMap.Tests\FlyMap.Tests.csproj", "{0EA4DCEF-2320-4598-ADC4-61867AF0AB1E}"
EndProject
Global
	GlobalSection(SolutionConfigurationPlatforms) = preSolution
		Debug|Any CPU = Debug|Any CPU
		Release|Any CPU = Release|Any CPU
	EndGlobalSection
	GlobalSection(ProjectConfigurationPlatforms) = postSolution
		{A1F9437F-91D1-4CDA-84A0-CADB77CD6520}.Debug|Any CPU.ActiveCfg = Debug|Any CPU
		{A1F9437F-91D1-4CDA-84A0-CADB77CD6520}.Debug|Any CPU.Build.0 = Debug|Any CPU
		{A1F9437F-91D1-4CDA-84A0-CADB77CD6520}.Release|Any CPU.ActiveCfg = Release|Any CPU
		{A1F9437F-91D1-4CDA-84A0-CADB77CD6520}.Release|Any CPU.Build.0 = Release|Any CPU
		{0EA4DCEF-2320-4598-ADC4-61867AF0AB1E}.Debug|Any CPU.ActiveCfg = Debug|Any CPU
		{0EA4DCEF-2320-4598-ADC4-61867AF0AB1E}.Debug|Any CPU.Build.0 = Debug|Any CPU
		{0EA4DCEF-2320-4598-ADC4-61867AF0AB1E}.Release|Any CPU.ActiveCfg = Release|Any CPU
		{0EA4DCEF-2320-4598-ADC4-61867AF0AB1E}.Release|Any CPU.Build.0 = Release|Any CPU
	EndGlobalSection
	GlobalSection(SolutionProperties) = preSolution
		HideSolutionNode = FALSE
	EndGlobalSection
	GlobalSection(ExtensibilityGlobals) = postSolution
		SolutionGuid = {6AC3319D-6967-450A-8C3F-ED41C0B3D167}
	EndGlobalSection
EndGlobal
